// !$*UTF8*$!
{
	archiveVersion = 1;
	classes = {
	};
	objectVersion = 50;
	objects = {

/* Begin PBXBuildFile section */
		4AD696572483F93A00A4A2B7 /* AppDelegate.swift in Sources */ = {isa = PBXBuildFile; fileRef = 4AD696562483F93A00A4A2B7 /* AppDelegate.swift */; };
		4AD696592483F93A00A4A2B7 /* SceneDelegate.swift in Sources */ = {isa = PBXBuildFile; fileRef = 4AD696582483F93A00A4A2B7 /* SceneDelegate.swift */; };
		4AD6965B2483F93A00A4A2B7 /* ViewController.swift in Sources */ = {isa = PBXBuildFile; fileRef = 4AD6965A2483F93A00A4A2B7 /* ViewController.swift */; };
		4AD6965E2483F93A00A4A2B7 /* Main.storyboard in Resources */ = {isa = PBXBuildFile; fileRef = 4AD6965C2483F93A00A4A2B7 /* Main.storyboard */; };
		4AD696602483F93D00A4A2B7 /* Assets.xcassets in Resources */ = {isa = PBXBuildFile; fileRef = 4AD6965F2483F93D00A4A2B7 /* Assets.xcassets */; };
		4AD696632483F93D00A4A2B7 /* LaunchScreen.storyboard in Resources */ = {isa = PBXBuildFile; fileRef = 4AD696612483F93D00A4A2B7 /* LaunchScreen.storyboard */; };
		4AD696712483FCB200A4A2B7 /* API.swift in Sources */ = {isa = PBXBuildFile; fileRef = 4AD696702483FCB200A4A2B7 /* API.swift */; };
		4AD696732483FCC400A4A2B7 /* ImagesResponse.swift in Sources */ = {isa = PBXBuildFile; fileRef = 4AD696722483FCC400A4A2B7 /* ImagesResponse.swift */; };
		4AD69675248424D100A4A2B7 /* ApiManager.swift in Sources */ = {isa = PBXBuildFile; fileRef = 4AD69674248424D100A4A2B7 /* ApiManager.swift */; };
		4AD696782485388A00A4A2B7 /* UIViewController+hideKeyboard.swift in Sources */ = {isa = PBXBuildFile; fileRef = 4AD696772485388A00A4A2B7 /* UIViewController+hideKeyboard.swift */; };
		4AD6967A248540C000A4A2B7 /* UIViewController+spiner.swift in Sources */ = {isa = PBXBuildFile; fileRef = 4AD69679248540C000A4A2B7 /* UIViewController+spiner.swift */; };
		4AD6967D2485556600A4A2B7 /* CollectionViewCell.swift in Sources */ = {isa = PBXBuildFile; fileRef = 4AD6967C2485556600A4A2B7 /* CollectionViewCell.swift */; };
/* End PBXBuildFile section */

/* Begin PBXFileReference section */
		4AD696532483F93A00A4A2B7 /* Ochen-Interesno-Test.app */ = {isa = PBXFileReference; explicitFileType = wrapper.application; includeInIndex = 0; path = "Ochen-Interesno-Test.app"; sourceTree = BUILT_PRODUCTS_DIR; };
		4AD696562483F93A00A4A2B7 /* AppDelegate.swift */ = {isa = PBXFileReference; lastKnownFileType = sourcecode.swift; path = AppDelegate.swift; sourceTree = "<group>"; };
		4AD696582483F93A00A4A2B7 /* SceneDelegate.swift */ = {isa = PBXFileReference; lastKnownFileType = sourcecode.swift; path = SceneDelegate.swift; sourceTree = "<group>"; };
		4AD6965A2483F93A00A4A2B7 /* ViewController.swift */ = {isa = PBXFileReference; lastKnownFileType = sourcecode.swift; path = ViewController.swift; sourceTree = "<group>"; };
		4AD6965D2483F93A00A4A2B7 /* Base */ = {isa = PBXFileReference; lastKnownFileType = file.storyboard; name = Base; path = Base.lproj/Main.storyboard; sourceTree = "<group>"; };
		4AD6965F2483F93D00A4A2B7 /* Assets.xcassets */ = {isa = PBXFileReference; lastKnownFileType = folder.assetcatalog; path = Assets.xcassets; sourceTree = "<group>"; };
		4AD696622483F93D00A4A2B7 /* Base */ = {isa = PBXFileReference; lastKnownFileType = file.storyboard; name = Base; path = Base.lproj/LaunchScreen.storyboard; sourceTree = "<group>"; };
		4AD696642483F93D00A4A2B7 /* Info.plist */ = {isa = PBXFileReference; lastKnownFileType = text.plist.xml; path = Info.plist; sourceTree = "<group>"; };
		4AD696702483FCB200A4A2B7 /* API.swift */ = {isa = PBXFileReference; lastKnownFileType = sourcecode.swift; path = API.swift; sourceTree = "<group>"; };
		4AD696722483FCC400A4A2B7 /* ImagesResponse.swift */ = {isa = PBXFileReference; lastKnownFileType = sourcecode.swift; path = ImagesResponse.swift; sourceTree = "<group>"; };
		4AD69674248424D100A4A2B7 /* ApiManager.swift */ = {isa = PBXFileReference; lastKnownFileType = sourcecode.swift; path = ApiManager.swift; sourceTree = "<group>"; };
		4AD696772485388A00A4A2B7 /* UIViewController+hideKeyboard.swift */ = {isa = PBXFileReference; lastKnownFileType = sourcecode.swift; path = "UIViewController+hideKeyboard.swift"; sourceTree = "<group>"; };
		4AD69679248540C000A4A2B7 /* UIViewController+spiner.swift */ = {isa = PBXFileReference; lastKnownFileType = sourcecode.swift; path = "UIViewController+spiner.swift"; sourceTree = "<group>"; };
		4AD6967C2485556600A4A2B7 /* CollectionViewCell.swift */ = {isa = PBXFileReference; lastKnownFileType = sourcecode.swift; path = CollectionViewCell.swift; sourceTree = "<group>"; };
/* End PBXFileReference section */

/* Begin PBXFrameworksBuildPhase section */
		4AD696502483F93A00A4A2B7 /* Frameworks */ = {
			isa = PBXFrameworksBuildPhase;
			buildActionMask = 2147483647;
			files = (
			);
			runOnlyForDeploymentPostprocessing = 0;
		};
/* End PBXFrameworksBuildPhase section */

/* Begin PBXGroup section */
		4AD6964A2483F93A00A4A2B7 = {
			isa = PBXGroup;
			children = (
				4AD696552483F93A00A4A2B7 /* Ochen-Interesno-Test */,
				4AD696542483F93A00A4A2B7 /* Products */,
			);
			sourceTree = "<group>";
		};
		4AD696542483F93A00A4A2B7 /* Products */ = {
			isa = PBXGroup;
			children = (
				4AD696532483F93A00A4A2B7 /* Ochen-Interesno-Test.app */,
			);
			name = Products;
			sourceTree = "<group>";
		};
		4AD696552483F93A00A4A2B7 /* Ochen-Interesno-Test */ = {
			isa = PBXGroup;
			children = (
				4AD696562483F93A00A4A2B7 /* AppDelegate.swift */,
				4AD696582483F93A00A4A2B7 /* SceneDelegate.swift */,
				4AD696762485386C00A4A2B7 /* Extensions */,
				4AD6965A2483F93A00A4A2B7 /* ViewController.swift */,
				4AD6967B2485554F00A4A2B7 /* Views */,
				4AD6966F2483FC9700A4A2B7 /* Model */,
				4AD6965C2483F93A00A4A2B7 /* Main.storyboard */,
				4AD6965F2483F93D00A4A2B7 /* Assets.xcassets */,
				4AD696612483F93D00A4A2B7 /* LaunchScreen.storyboard */,
				4AD696642483F93D00A4A2B7 /* Info.plist */,
			);
			path = "Ochen-Interesno-Test";
			sourceTree = "<group>";
		};
		4AD6966F2483FC9700A4A2B7 /* Model */ = {
			isa = PBXGroup;
			children = (
				4AD696722483FCC400A4A2B7 /* ImagesResponse.swift */,
				4AD696702483FCB200A4A2B7 /* API.swift */,
				4AD69674248424D100A4A2B7 /* ApiManager.swift */,
			);
			path = Model;
			sourceTree = "<group>";
		};
		4AD696762485386C00A4A2B7 /* Extensions */ = {
			isa = PBXGroup;
			children = (
				4AD696772485388A00A4A2B7 /* UIViewController+hideKeyboard.swift */,
				4AD69679248540C000A4A2B7 /* UIViewController+spiner.swift */,
			);
			path = Extensions;
			sourceTree = "<group>";
		};
		4AD6967B2485554F00A4A2B7 /* Views */ = {
			isa = PBXGroup;
			children = (
				4AD6967C2485556600A4A2B7 /* CollectionViewCell.swift */,
			);
			path = Views;
			sourceTree = "<group>";
		};
/* End PBXGroup section */

/* Begin PBXNativeTarget section */
		4AD696522483F93A00A4A2B7 /* Ochen-Interesno-Test */ = {
			isa = PBXNativeTarget;
			buildConfigurationList = 4AD696672483F93D00A4A2B7 /* Build configuration list for PBXNativeTarget "Ochen-Interesno-Test" */;
			buildPhases = (
				4AD6964F2483F93A00A4A2B7 /* Sources */,
				4AD696502483F93A00A4A2B7 /* Frameworks */,
				4AD696512483F93A00A4A2B7 /* Resources */,
			);
			buildRules = (
			);
			dependencies = (
			);
			name = "Ochen-Interesno-Test";
			productName = "Ochen-Interesno-Test";
			productReference = 4AD696532483F93A00A4A2B7 /* Ochen-Interesno-Test.app */;
			productType = "com.apple.product-type.application";
		};
/* End PBXNativeTarget section */

/* Begin PBXProject section */
		4AD6964B2483F93A00A4A2B7 /* Project object */ = {
			isa = PBXProject;
			attributes = {
				LastSwiftUpdateCheck = 1130;
				LastUpgradeCheck = 1130;
				ORGANIZATIONNAME = "art-off";
				TargetAttributes = {
					4AD696522483F93A00A4A2B7 = {
						CreatedOnToolsVersion = 11.3;
					};
				};
			};
			buildConfigurationList = 4AD6964E2483F93A00A4A2B7 /* Build configuration list for PBXProject "Ochen-Interesno-Test" */;
			compatibilityVersion = "Xcode 9.3";
			developmentRegion = en;
			hasScannedForEncodings = 0;
			knownRegions = (
				en,
				Base,
			);
			mainGroup = 4AD6964A2483F93A00A4A2B7;
			productRefGroup = 4AD696542483F93A00A4A2B7 /* Products */;
			projectDirPath = "";
			projectRoot = "";
			targets = (
				4AD696522483F93A00A4A2B7 /* Ochen-Interesno-Test */,
			);
		};
/* End PBXProject section */

/* Begin PBXResourcesBuildPhase section */
		4AD696512483F93A00A4A2B7 /* Resources */ = {
			isa = PBXResourcesBuildPhase;
			buildActionMask = 2147483647;
			files = (
				4AD696632483F93D00A4A2B7 /* LaunchScreen.storyboard in Resources */,
				4AD696602483F93D00A4A2B7 /* Assets.xcassets in Resources */,
				4AD6965E2483F93A00A4A2B7 /* Main.storyboard in Resources */,
			);
			runOnlyForDeploymentPostprocessing = 0;
		};
/* End PBXResourcesBuildPhase section */

/* Begin PBXSourcesBuildPhase section */
		4AD6964F2483F93A00A4A2B7 /* Sources */ = {
			isa = PBXSourcesBuildPhase;
			buildActionMask = 2147483647;
			files = (
				4AD6965B2483F93A00A4A2B7 /* ViewController.swift in Sources */,
				4AD6967A248540C000A4A2B7 /* UIViewController+spiner.swift in Sources */,
				4AD6967D2485556600A4A2B7 /* CollectionViewCell.swift in Sources */,
				4AD696732483FCC400A4A2B7 /* ImagesResponse.swift in Sources */,
				4AD696782485388A00A4A2B7 /* UIViewController+hideKeyboard.swift in Sources */,
				4AD696572483F93A00A4A2B7 /* AppDelegate.swift in Sources */,
				4AD696712483FCB200A4A2B7 /* API.swift in Sources */,
				4AD69675248424D100A4A2B7 /* ApiManager.swift in Sources */,
				4AD696592483F93A00A4A2B7 /* SceneDelegate.swift in Sources */,
			);
			runOnlyForDeploymentPostprocessing = 0;
		};
/* End PBXSourcesBuildPhase section */

/* Begin PBXVariantGroup section */
		4AD6965C2483F93A00A4A2B7 /* Main.storyboard */ = {
			isa = PBXVariantGroup;
			children = (
				4AD6965D2483F93A00A4A2B7 /* Base */,
			);
			name = Main.storyboard;
			sourceTree = "<group>";
		};
		4AD696612483F93D00A4A2B7 /* LaunchScreen.storyboard */ = {
			isa = PBXVariantGroup;
			children = (
				4AD696622483F93D00A4A2B7 /* Base */,
			);
			name = LaunchScreen.storyboard;
			sourceTree = "<group>";
		};
/* End PBXVariantGroup section */

/* Begin XCBuildConfiguration section */
		4AD696652483F93D00A4A2B7 /* Debug */ = {
			isa = XCBuildConfiguration;
			buildSettings = {
				ALWAYS_SEARCH_USER_PATHS = NO;
				CLANG_ANALYZER_NONNULL = YES;
				CLANG_ANALYZER_NUMBER_OBJECT_CONVERSION = YES_AGGRESSIVE;
				CLANG_CXX_LANGUAGE_STANDARD = "gnu++14";
				CLANG_CXX_LIBRARY = "libc++";
				CLANG_ENABLE_MODULES = YES;
				CLANG_ENABLE_OBJC_ARC = YES;
				CLANG_ENABLE_OBJC_WEAK = YES;
				CLANG_WARN_BLOCK_CAPTURE_AUTORELEASING = YES;
				CLANG_WARN_BOOL_CONVERSION = YES;
				CLANG_WARN_COMMA = YES;
				CLANG_WARN_CONSTANT_CONVERSION = YES;
				CLANG_WARN_DEPRECATED_OBJC_IMPLEMENTATIONS = YES;
				CLANG_WARN_DIRECT_OBJC_ISA_USAGE = YES_ERROR;
				CLANG_WARN_DOCUMENTATION_COMMENTS = YES;
				CLANG_WARN_EMPTY_BODY = YES;
				CLANG_WARN_ENUM_CONVERSION = YES;
				CLANG_WARN_INFINITE_RECURSION = YES;
				CLANG_WARN_INT_CONVERSION = YES;
				CLANG_WARN_NON_LITERAL_NULL_CONVERSION = YES;
				CLANG_WARN_OBJC_IMPLICIT_RETAIN_SELF = YES;
				CLANG_WARN_OBJC_LITERAL_CONVERSION = YES;
				CLANG_WARN_OBJC_ROOT_CLASS = YES_ERROR;
				CLANG_WARN_RANGE_LOOP_ANALYSIS = YES;
				CLANG_WARN_STRICT_PROTOTYPES = YES;
				CLANG_WARN_SUSPICIOUS_MOVE = YES;
				CLANG_WARN_UNGUARDED_AVAILABILITY = YES_AGGRESSIVE;
				CLANG_WARN_UNREACHABLE_CODE = YES;
				CLANG_WARN__DUPLICATE_METHOD_MATCH = YES;
				COPY_PHASE_STRIP = NO;
				DEBUG_INFORMATION_FORMAT = dwarf;
				ENABLE_STRICT_OBJC_MSGSEND = YES;
				ENABLE_TESTABILITY = YES;
				GCC_C_LANGUAGE_STANDARD = gnu11;
				GCC_DYNAMIC_NO_PIC = NO;
				GCC_NO_COMMON_BLOCKS = YES;
				GCC_OPTIMIZATION_LEVEL = 0;
				GCC_PREPROCESSOR_DEFINITIONS = (
					"DEBUG=1",
					"$(inherited)",
				);
				GCC_WARN_64_TO_32_BIT_CONVERSION = YES;
				GCC_WARN_ABOUT_RETURN_TYPE = YES_ERROR;
				GCC_WARN_UNDECLARED_SELECTOR = YES;
				GCC_WARN_UNINITIALIZED_AUTOS = YES_AGGRESSIVE;
				GCC_WARN_UNUSED_FUNCTION = YES;
				GCC_WARN_UNUSED_VARIABLE = YES;
				IPHONEOS_DEPLOYMENT_TARGET = 13.2;
				MTL_ENABLE_DEBUG_INFO = INCLUDE_SOURCE;
				MTL_FAST_MATH = YES;
				ONLY_ACTIVE_ARCH = YES;
				SDKROOT = iphoneos;
				SWIFT_ACTIVE_COMPILATION_CONDITIONS = DEBUG;
				SWIFT_OPTIMIZATION_LEVEL = "-Onone";
			};
			name = Debug;
		};
		4AD696662483F93D00A4A2B7 /* Release */ = {
			isa = XCBuildConfiguration;
			buildSettings = {
				ALWAYS_SEARCH_USER_PATHS = NO;
				CLANG_ANALYZER_NONNULL = YES;
				CLANG_ANALYZER_NUMBER_OBJECT_CONVERSION = YES_AGGRESSIVE;
				CLANG_CXX_LANGUAGE_STANDARD = "gnu++14";
				CLANG_CXX_LIBRARY = "libc++";
				CLANG_ENABLE_MODULES = YES;
				CLANG_ENABLE_OBJC_ARC = YES;
				CLANG_ENABLE_OBJC_WEAK = YES;
				CLANG_WARN_BLOCK_CAPTURE_AUTORELEASING = YES;
				CLANG_WARN_BOOL_CONVERSION = YES;
				CLANG_WARN_COMMA = YES;
				CLANG_WARN_CONSTANT_CONVERSION = YES;
				CLANG_WARN_DEPRECATED_OBJC_IMPLEMENTATIONS = YES;
				CLANG_WARN_DIRECT_OBJC_ISA_USAGE = YES_ERROR;
				CLANG_WARN_DOCUMENTATION_COMMENTS = YES;
				CLANG_WARN_EMPTY_BODY = YES;
				CLANG_WARN_ENUM_CONVERSION = YES;
				CLANG_WARN_INFINITE_RECURSION = YES;
				CLANG_WARN_INT_CONVERSION = YES;
				CLANG_WARN_NON_LITERAL_NULL_CONVERSION = YES;
				CLANG_WARN_OBJC_IMPLICIT_RETAIN_SELF = YES;
				CLANG_WARN_OBJC_LITERAL_CONVERSION = YES;
				CLANG_WARN_OBJC_ROOT_CLASS = YES_ERROR;
				CLANG_WARN_RANGE_LOOP_ANALYSIS = YES;
				CLANG_WARN_STRICT_PROTOTYPES = YES;
				CLANG_WARN_SUSPICIOUS_MOVE = YES;
				CLANG_WARN_UNGUARDED_AVAILABILITY = YES_AGGRESSIVE;
				CLANG_WARN_UNREACHABLE_CODE = YES;
				CLANG_WARN__DUPLICATE_METHOD_MATCH = YES;
				COPY_PHASE_STRIP = NO;
				DEBUG_INFORMATION_FORMAT = "dwarf-with-dsym";
				ENABLE_NS_ASSERTIONS = NO;
				ENABLE_STRICT_OBJC_MSGSEND = YES;
				GCC_C_LANGUAGE_STANDARD = gnu11;
				GCC_NO_COMMON_BLOCKS = YES;
				GCC_WARN_64_TO_32_BIT_CONVERSION = YES;
				GCC_WARN_ABOUT_RETURN_TYPE = YES_ERROR;
				GCC_WARN_UNDECLARED_SELECTOR = YES;
				GCC_WARN_UNINITIALIZED_AUTOS = YES_AGGRESSIVE;
				GCC_WARN_UNUSED_FUNCTION = YES;
				GCC_WARN_UNUSED_VARIABLE = YES;
				IPHONEOS_DEPLOYMENT_TARGET = 13.2;
				MTL_ENABLE_DEBUG_INFO = NO;
				MTL_FAST_MATH = YES;
				SDKROOT = iphoneos;
				SWIFT_COMPILATION_MODE = wholemodule;
				SWIFT_OPTIMIZATION_LEVEL = "-O";
				VALIDATE_PRODUCT = YES;
			};
			name = Release;
		};
		4AD696682483F93D00A4A2B7 /* Debug */ = {
			isa = XCBuildConfiguration;
			buildSettings = {
				ASSETCATALOG_COMPILER_APPICON_NAME = AppIcon;
				CODE_SIGN_STYLE = Automatic;
				DEVELOPMENT_TEAM = HM9WL9QKWM;
				INFOPLIST_FILE = "Ochen-Interesno-Test/Info.plist";
				LD_RUNPATH_SEARCH_PATHS = (
					"$(inherited)",
					"@executable_path/Frameworks",
				);
				PRODUCT_BUNDLE_IDENTIFIER = "ooo.Ochen-Interesno-Test";
				PRODUCT_NAME = "$(TARGET_NAME)";
				SWIFT_VERSION = 5.0;
				TARGETED_DEVICE_FAMILY = "1,2";
			};
			name = Debug;
		};
		4AD696692483F93D00A4A2B7 /* Release */ = {
			isa = XCBuildConfiguration;
			buildSettings = {
				ASSETCATALOG_COMPILER_APPICON_NAME = AppIcon;
				CODE_SIGN_STYLE = Automatic;
				DEVELOPMENT_TEAM = HM9WL9QKWM;
				INFOPLIST_FILE = "Ochen-Interesno-Test/Info.plist";
				LD_RUNPATH_SEARCH_PATHS = (
					"$(inherited)",
					"@executable_path/Frameworks",
				);
				PRODUCT_BUNDLE_IDENTIFIER = "ooo.Ochen-Interesno-Test";
				PRODUCT_NAME = "$(TARGET_NAME)";
				SWIFT_VERSION = 5.0;
				TARGETED_DEVICE_FAMILY = "1,2";
			};
			name = Release;
		};
/* End XCBuildConfiguration section */

/* Begin XCConfigurationList section */
		4AD6964E2483F93A00A4A2B7 /* Build configuration list for PBXProject "Ochen-Interesno-Test" */ = {
			isa = XCConfigurationList;
			buildConfigurations = (
				4AD696652483F93D00A4A2B7 /* Debug */,
				4AD696662483F93D00A4A2B7 /* Release */,
			);
			defaultConfigurationIsVisible = 0;
			defaultConfigurationName = Release;
		};
		4AD696672483F93D00A4A2B7 /* Build configuration list for PBXNativeTarget "Ochen-Interesno-Test" */ = {
			isa = XCConfigurationList;
			buildConfigurations = (
				4AD696682483F93D00A4A2B7 /* Debug */,
				4AD696692483F93D00A4A2B7 /* Release */,
			);
			defaultConfigurationIsVisible = 0;
			defaultConfigurationName = Release;
		};
/* End XCConfigurationList section */
	};
	rootObject = 4AD6964B2483F93A00A4A2B7 /* Project object */;
}
